
Microsoft Visual Studio Solution File, Format Version 12.00
# Visual Studio 15
VisualStudioVersion = 15.0.26430.6
MinimumVisualStudioVersion = 10.0.40219.1
Project("{FAE04EC0-301F-11D3-BF4B-00C04F79EFBC}") = "TextureCreator", "TextureCreator\TextureCreator.csproj", "{175609F9-AE14-42CB-B294-99DD32313B2F}"
EndProject
Project("{FAE04EC0-301F-11D3-BF4B-00C04F79EFBC}") = "ColorConvertor", "ColorConvertor\ColorConvertor.csproj", "{99B708EE-57AA-456B-8F55-64C9AEEAF5EB}"
EndProject
Project("{FAE04EC0-301F-11D3-BF4B-00C04F79EFBC}") = "Main", "Main\Main.csproj", "{9A97E9EF-60E7-49E6-9347-3DE4C6D31B74}"
	ProjectSection(ProjectDependencies) = postProject
		{C9FB4B41-5247-4053-AA46-F007B985525F} = {C9FB4B41-5247-4053-AA46-F007B985525F}
		{29BE6595-632F-4E79-9EA0-C5C14B67C131} = {29BE6595-632F-4E79-9EA0-C5C14B67C131}
		{99B708EE-57AA-456B-8F55-64C9AEEAF5EB} = {99B708EE-57AA-456B-8F55-64C9AEEAF5EB}
		{175609F9-AE14-42CB-B294-99DD32313B2F} = {175609F9-AE14-42CB-B294-99DD32313B2F}
	EndProjectSection
EndProject
Project("{FAE04EC0-301F-11D3-BF4B-00C04F79EFBC}") = "EntityTextureCreator", "EntityTextureCreator\EntityTextureCreator.csproj", "{A1912ECF-F67A-41D8-9730-FDB928C5F0CF}"
EndProject
Project("{FAE04EC0-301F-11D3-BF4B-00C04F79EFBC}") = "TextureComparer", "TextureComparer\TextureComparer.csproj", "{29BE6595-632F-4E79-9EA0-C5C14B67C131}"
EndProject
Project("{FAE04EC0-301F-11D3-BF4B-00C04F79EFBC}") = "TextureEditor", "TextureEditor\TextureEditor.csproj", "{C9FB4B41-5247-4053-AA46-F007B985525F}"
EndProject
Project("{FAE04EC0-301F-11D3-BF4B-00C04F79EFBC}") = "ImageEditorAPK", "ImageEditorAPK\ImageEditorAPK.csproj", "{41EAD8F3-1957-4C74-85E2-CAFC4199A882}"
EndProject
Project("{FAE04EC0-301F-11D3-BF4B-00C04F79EFBC}") = "CRMKJK", "CRMKJK\CRMKJK.csproj", "{17B9EC55-6E4F-42DE-8F12-3A965C25B4B1}"
EndProject
Global
	GlobalSection(SolutionConfigurationPlatforms) = preSolution
		Debug|Any CPU = Debug|Any CPU
		Release|Any CPU = Release|Any CPU
	EndGlobalSection
	GlobalSection(ProjectConfigurationPlatforms) = postSolution
		{175609F9-AE14-42CB-B294-99DD32313B2F}.Debug|Any CPU.ActiveCfg = Debug|Any CPU
		{175609F9-AE14-42CB-B294-99DD32313B2F}.Debug|Any CPU.Build.0 = Debug|Any CPU
		{175609F9-AE14-42CB-B294-99DD32313B2F}.Release|Any CPU.ActiveCfg = Release|Any CPU
		{175609F9-AE14-42CB-B294-99DD32313B2F}.Release|Any CPU.Build.0 = Release|Any CPU
		{99B708EE-57AA-456B-8F55-64C9AEEAF5EB}.Debug|Any CPU.ActiveCfg = Debug|Any CPU
		{99B708EE-57AA-456B-8F55-64C9AEEAF5EB}.Debug|Any CPU.Build.0 = Debug|Any CPU
		{99B708EE-57AA-456B-8F55-64C9AEEAF5EB}.Release|Any CPU.ActiveCfg = Release|Any CPU
		{99B708EE-57AA-456B-8F55-64C9AEEAF5EB}.Release|Any CPU.Build.0 = Release|Any CPU
		{9A97E9EF-60E7-49E6-9347-3DE4C6D31B74}.Debug|Any CPU.ActiveCfg = Debug|Any CPU
		{9A97E9EF-60E7-49E6-9347-3DE4C6D31B74}.Debug|Any CPU.Build.0 = Debug|Any CPU
		{9A97E9EF-60E7-49E6-9347-3DE4C6D31B74}.Release|Any CPU.ActiveCfg = Release|Any CPU
		{9A97E9EF-60E7-49E6-9347-3DE4C6D31B74}.Release|Any CPU.Build.0 = Release|Any CPU
		{A1912ECF-F67A-41D8-9730-FDB928C5F0CF}.Debug|Any CPU.ActiveCfg = Debug|Any CPU
		{A1912ECF-F67A-41D8-9730-FDB928C5F0CF}.Debug|Any CPU.Build.0 = Debug|Any CPU
		{A1912ECF-F67A-41D8-9730-FDB928C5F0CF}.Release|Any CPU.ActiveCfg = Release|Any CPU
		{A1912ECF-F67A-41D8-9730-FDB928C5F0CF}.Release|Any CPU.Build.0 = Release|Any CPU
		{29BE6595-632F-4E79-9EA0-C5C14B67C131}.Debug|Any CPU.ActiveCfg = Debug|Any CPU
		{29BE6595-632F-4E79-9EA0-C5C14B67C131}.Debug|Any CPU.Build.0 = Debug|Any CPU
		{29BE6595-632F-4E79-9EA0-C5C14B67C131}.Release|Any CPU.ActiveCfg = Release|Any CPU
		{29BE6595-632F-4E79-9EA0-C5C14B67C131}.Release|Any CPU.Build.0 = Release|Any CPU
		{C9FB4B41-5247-4053-AA46-F007B985525F}.Debug|Any CPU.ActiveCfg = Debug|Any CPU
		{C9FB4B41-5247-4053-AA46-F007B985525F}.Debug|Any CPU.Build.0 = Debug|Any CPU
		{C9FB4B41-5247-4053-AA46-F007B985525F}.Release|Any CPU.ActiveCfg = Release|Any CPU
		{C9FB4B41-5247-4053-AA46-F007B985525F}.Release|Any CPU.Build.0 = Release|Any CPU
		{41EAD8F3-1957-4C74-85E2-CAFC4199A882}.Debug|Any CPU.ActiveCfg = Debug|Any CPU
		{41EAD8F3-1957-4C74-85E2-CAFC4199A882}.Debug|Any CPU.Build.0 = Debug|Any CPU
		{41EAD8F3-1957-4C74-85E2-CAFC4199A882}.Debug|Any CPU.Deploy.0 = Debug|Any CPU
		{41EAD8F3-1957-4C74-85E2-CAFC4199A882}.Release|Any CPU.ActiveCfg = Release|Any CPU
		{41EAD8F3-1957-4C74-85E2-CAFC4199A882}.Release|Any CPU.Build.0 = Release|Any CPU
		{41EAD8F3-1957-4C74-85E2-CAFC4199A882}.Release|Any CPU.Deploy.0 = Release|Any CPU
		{17B9EC55-6E4F-42DE-8F12-3A965C25B4B1}.Debug|Any CPU.ActiveCfg = Debug|Any CPU
		{17B9EC55-6E4F-42DE-8F12-3A965C25B4B1}.Debug|Any CPU.Build.0 = Debug|Any CPU
		{17B9EC55-6E4F-42DE-8F12-3A965C25B4B1}.Release|Any CPU.ActiveCfg = Release|Any CPU
		{17B9EC55-6E4F-42DE-8F12-3A965C25B4B1}.Release|Any CPU.Build.0 = Release|Any CPU
	EndGlobalSection
	GlobalSection(SolutionProperties) = preSolution
		HideSolutionNode = FALSE
	EndGlobalSection
EndGlobal
